
Microsoft Visual Studio Solution File, Format Version 12.00
# Visual Studio Version 16
VisualStudioVersion = 16.0.29609.76
MinimumVisualStudioVersion = 10.0.40219.1
Project("{8BC9CEB8-8B4A-11D0-8D11-00A0C91BC942}") = "AsmNetLib", "AsmNetLib\AsmNetLib.vcxproj", "{5E6969D9-2518-47EA-8009-149253EEEECE}"
EndProject
Project("{8BC9CEB8-8B4A-11D0-8D11-00A0C91BC942}") = "UDPEchoClient", "MulticastApp\MulticastApp.vcxproj", "{10D9C46B-533E-437C-A932-EBAC59F7C5DA}"
EndProject
Global
	GlobalSection(SolutionConfigurationPlatforms) = preSolution
		Debug|x64 = Debug|x64
		Release|x64 = Release|x64
	EndGlobalSection
	GlobalSection(ProjectConfigurationPlatforms) = postSolution
		{5E6969D9-2518-47EA-8009-149253EEEECE}.Debug|x64.ActiveCfg = Debug|x64
		{5E6969D9-2518-47EA-8009-149253EEEECE}.Debug|x64.Build.0 = Debug|x64
		{5E6969D9-2518-47EA-8009-149253EEEECE}.Release|x64.ActiveCfg = Release|x64
		{5E6969D9-2518-47EA-8009-149253EEEECE}.Release|x64.Build.0 = Release|x64
		{10D9C46B-533E-437C-A932-EBAC59F7C5DA}.Debug|x64.ActiveCfg = Debug|x64
		{10D9C46B-533E-437C-A932-EBAC59F7C5DA}.Debug|x64.Build.0 = Debug|x64
		{10D9C46B-533E-437C-A932-EBAC59F7C5DA}.Release|x64.ActiveCfg = Release|x64
		{10D9C46B-533E-437C-A932-EBAC59F7C5DA}.Release|x64.Build.0 = Release|x64
	EndGlobalSection
	GlobalSection(SolutionProperties) = preSolution
		HideSolutionNode = FALSE
	EndGlobalSection
	GlobalSection(ExtensibilityGlobals) = postSolution
		Qt5Version = $(DefaultQtVersion)
		SolutionGuid = {DBA3814F-9CCA-41E8-B9D8-8706FCE3AD3E}
	EndGlobalSection
EndGlobal
